<?xml version="1.0" encoding="utf-8"?>
<Project ToolsVersion="4.0" xmlns="http://schemas.microsoft.com/developer/msbuild/2003">
  <ItemGroup>
    <Filter Include="Source Files">
      <UniqueIdentifier>{4FC737F1-C7A5-4376-A066-2A32D752A2FF}</UniqueIdentifier>
      <Extensions>cpp;c;cc;cxx;def;odl;idl;hpj;bat;asm;asmx</Extensions>
    </Filter>
    <Filter Include="Header Files">
      <UniqueIdentifier>{93995380-89BD-4b04-88EB-625FBE52EBFB}</UniqueIdentifier>
      <Extensions>h;hh;hpp;hxx;hm;inl;inc;ipp;xsd</Extensions>
    </Filter>
    <Filter Include="Resource Files">
      <UniqueIdentifier>{67DA6AB6-F800-4c08-8B7A-83BB121AAD01}</UniqueIdentifier>
      <Extensions>rc;ico;cur;bmp;dlg;rc2;rct;bin;rgs;gif;jpg;jpeg;jpe;resx;tiff;tif;png;wav;mfcribbon-ms</Extensions>
    </Filter>
    <Filter Include="Header Files\bitsim">
      <UniqueIdentifier>{bc12d160-c77b-412a-861c-332b17e3fe67}</UniqueIdentifier>
    </Filter>
  </ItemGroup>
  <ItemGroup>
    <ClCompile Include="main.cpp">
      <Filter>Source Files</Filter>
    </ClCompile>
    <ClCompile Include="x86_64_opcoderemap.cpp">
      <Filter>Source Files</Filter>
    </ClCompile>
    <ClCompile Include="x86_64_ops.cpp">
      <Filter>Source Files</Filter>
    </ClCompile>
    <ClCompile Include="mem_manager.cpp">
      <Filter>Source Files</Filter>
    </ClCompile>
    <ClCompile Include="patchops.cpp">
      <Filter>Source Files</Filter>
    </ClCompile>
    <ClCompile Include="function_classes.cpp">
      <Filter>Source Files</Filter>
    </ClCompile>
    <ClCompile Include="register_file_x86_64.cpp">
      <Filter>Source Files</Filter>
    </ClCompile>
    <ClCompile Include="cs_core.cpp">
      <Filter>Source Files</Filter>
    </ClCompile>
  </ItemGroup>
  <ItemGroup>
    <ClInclude Include="saner_instruction_range.hpp">
      <Filter>Header Files</Filter>
    </ClInclude>
    <ClInclude Include="x86_64_ops.hpp">
      <Filter>Header Files</Filter>
    </ClInclude>
    <ClInclude Include="xfunc.hpp">
      <Filter>Header Files</Filter>
    </ClInclude>
    <ClInclude Include="idaheaders.hpp">
      <Filter>Header Files</Filter>
    </ClInclude>
    <ClInclude Include="reglist.hpp">
      <Filter>Header Files</Filter>
    </ClInclude>
    <ClInclude Include="cs_ida.hpp">
      <Filter>Header Files</Filter>
    </ClInclude>
    <ClInclude Include="cs_core.hpp">
      <Filter>Header Files</Filter>
    </ClInclude>
    <ClInclude Include="cs_intrin.hpp">
      <Filter>Header Files</Filter>
    </ClInclude>
    <ClInclude Include="low32_allocator.hpp">
      <Filter>Header Files</Filter>
    </ClInclude>
    <ClInclude Include="mem_manager.hpp">
      <Filter>Header Files</Filter>
    </ClInclude>
    <ClInclude Include="cs_ptr32.hpp">
      <Filter>Header Files</Filter>
    </ClInclude>
    <ClInclude Include="cs_type_metaops.hpp">
      <Filter>Header Files</Filter>
    </ClInclude>
    <ClInclude Include="patchops.hpp">
      <Filter>Header Files</Filter>
    </ClInclude>
    <ClInclude Include="register_file_x86_64.hpp">
      <Filter>Header Files</Filter>
    </ClInclude>
    <ClInclude Include="function_classes.hpp">
      <Filter>Header Files</Filter>
    </ClInclude>
    <ClInclude Include="function_class_xmacro.hpp">
      <Filter>Header Files</Filter>
    </ClInclude>
    <ClInclude Include="bitsim\bitsim.hpp">
      <Filter>Header Files\bitsim</Filter>
    </ClInclude>
    <ClInclude Include="bitsim\bitsim_impl.hpp">
      <Filter>Header Files\bitsim</Filter>
    </ClInclude>
  </ItemGroup>
  <ItemGroup>
    <None Include="packages.config" />
  </ItemGroup>
</Project>